#MicroXplorer Configuration settings - do not modify
CORTEX_M7.CPU_DCache=Enabled
CORTEX_M7.CPU_ICache=Enabled
CORTEX_M7.IPParameters=CPU_ICache,CPU_DCache
CortexM4.IPs=BDMA,CORTEX_M4\:I,DEBUG,DMA,FATFS_M4\:I,FREERTOS_M4\:I,IWDG2\:I,MDMA,NVIC2\:I,OPENAMP_M4\:I,PDM2PCM_M4\:I,PWR,RCC,RESMGR_UTILITY,SYS_M4\:I,USB_DEVICE_M4\:I,USB_HOST_M4\:I,VREFBUF,WWDG2\:I
CortexM7.IPs=BDMA\:I,CORTEX_M7\:I,DEBUG\:I,DMA\:I,FATFS_M7\:I,FREERTOS_M7\:I,IWDG1\:I,MDMA\:I,NVIC1\:I,OPENAMP_M7\:I,PDM2PCM_M7\:I,PWR\:I,RCC\:I,RESMGR_UTILITY\:I,SYS\:I,USB_DEVICE_M7\:I,USB_HOST_M7\:I,VREFBUF\:I,WWDG1\:I,RTC\:I,FMC\:I,QUADSPI\:I,LTDC\:I,DSIHOST\:I,DMA2D\:I
CortexM7.Pins=PJ12,PG3
DMA2D.ColorMode=DMA2D_OUTPUT_RGB888
DMA2D.IPParameters=Mode,ColorMode
DMA2D.Mode=DMA2D_R2M
DSIHOST.AcknowledgeRequest=DSI_ACKNOWLEDGE_ENABLE
DSIHOST.AutomaticRefresh=DSI_AR_DISABLE
DSIHOST.CommandSize=800
DSIHOST.IPParameters=CommandSize,AutomaticRefresh,NumberOfLanes,AcknowledgeRequest,TEAcknowledgeRequest,LPGenShortWriteNoP,LPGenShortWriteOneP,LPGenShortWriteTwoP,LPGenShortReadNoP,LPGenShortReadOneP,LPGenShortReadTwoP,LPGenLongWrite,LPDcsShortWriteNoP,LPDcsShortWriteOneP,LPDcsShortReadNoP,LPDcsLongWrite,LPMaxReadPacket,TearingEffectSource
DSIHOST.LPDcsLongWrite=DSI_LP_DLW_ENABLE
DSIHOST.LPDcsShortReadNoP=DSI_LP_DSR0P_ENABLE
DSIHOST.LPDcsShortWriteNoP=DSI_LP_DSW0P_ENABLE
DSIHOST.LPDcsShortWriteOneP=DSI_LP_DSW1P_ENABLE
DSIHOST.LPGenLongWrite=DSI_LP_GLW_ENABLE
DSIHOST.LPGenShortReadNoP=DSI_LP_GSR0P_ENABLE
DSIHOST.LPGenShortReadOneP=DSI_LP_GSR1P_ENABLE
DSIHOST.LPGenShortReadTwoP=DSI_LP_GSR2P_ENABLE
DSIHOST.LPGenShortWriteNoP=DSI_LP_GSW0P_ENABLE
DSIHOST.LPGenShortWriteOneP=DSI_LP_GSW1P_ENABLE
DSIHOST.LPGenShortWriteTwoP=DSI_LP_GSW2P_ENABLE
DSIHOST.LPMaxReadPacket=DSI_LP_MRDP_ENABLE
DSIHOST.NumberOfLanes=DSI_TWO_DATA_LANES
DSIHOST.TEAcknowledgeRequest=DSI_TE_ACKNOWLEDGE_ENABLE
DSIHOST.TearingEffectSource=DSI_TE_EXTERNAL
DSI_CKN.GPIOParameters=PinAttribute
DSI_CKN.Mode=DSIHost_Adapted_TE
DSI_CKN.PinAttribute=CortexM7
DSI_CKN.Signal=DSIHOST_CKN
DSI_CKP.GPIOParameters=PinAttribute
DSI_CKP.Mode=DSIHost_Adapted_TE
DSI_CKP.PinAttribute=CortexM7
DSI_CKP.Signal=DSIHOST_CKP
DSI_D0N.GPIOParameters=PinAttribute
DSI_D0N.Mode=DSIHost_Adapted_TE
DSI_D0N.PinAttribute=CortexM7
DSI_D0N.Signal=DSIHOST_D0N
DSI_D0P.GPIOParameters=PinAttribute
DSI_D0P.Mode=DSIHost_Adapted_TE
DSI_D0P.PinAttribute=CortexM7
DSI_D0P.Signal=DSIHOST_D0P
DSI_D1N.GPIOParameters=PinAttribute
DSI_D1N.Mode=DSIHost_Adapted_TE
DSI_D1N.PinAttribute=CortexM7
DSI_D1N.Signal=DSIHOST_D1N
DSI_D1P.GPIOParameters=PinAttribute
DSI_D1P.Mode=DSIHost_Adapted_TE
DSI_D1P.PinAttribute=CortexM7
DSI_D1P.Signal=DSIHOST_D1P
Dma.MEMTOMEM.0.Direction=DMA_MEMORY_TO_MEMORY
Dma.MEMTOMEM.0.EventEnable=DISABLE
Dma.MEMTOMEM.0.FIFOMode=DMA_FIFOMODE_ENABLE
Dma.MEMTOMEM.0.FIFOThreshold=DMA_FIFO_THRESHOLD_1QUARTERFULL
Dma.MEMTOMEM.0.Instance=DMA2_Stream0
Dma.MEMTOMEM.0.MemBurst=DMA_MBURST_SINGLE
Dma.MEMTOMEM.0.MemDataAlignment=DMA_MDATAALIGN_HALFWORD
Dma.MEMTOMEM.0.MemInc=DMA_MINC_ENABLE
Dma.MEMTOMEM.0.Mode=DMA_NORMAL
Dma.MEMTOMEM.0.PeriphBurst=DMA_PBURST_SINGLE
Dma.MEMTOMEM.0.PeriphDataAlignment=DMA_PDATAALIGN_HALFWORD
Dma.MEMTOMEM.0.PeriphInc=DMA_PINC_ENABLE
Dma.MEMTOMEM.0.Polarity=HAL_DMAMUX_REQ_GEN_RISING
Dma.MEMTOMEM.0.Priority=DMA_PRIORITY_HIGH
Dma.MEMTOMEM.0.RequestNumber=1
Dma.MEMTOMEM.0.RequestParameters=Instance,Direction,PeriphInc,MemInc,PeriphDataAlignment,MemDataAlignment,Mode,Priority,FIFOMode,FIFOThreshold,MemBurst,PeriphBurst,SignalID,Polarity,RequestNumber,SyncSignalID,SyncPolarity,SyncEnable,EventEnable,SyncRequestNumber
Dma.MEMTOMEM.0.SignalID=NONE
Dma.MEMTOMEM.0.SyncEnable=DISABLE
Dma.MEMTOMEM.0.SyncPolarity=HAL_DMAMUX_SYNC_NO_EVENT
Dma.MEMTOMEM.0.SyncRequestNumber=1
Dma.MEMTOMEM.0.SyncSignalID=NONE
Dma.Request0=MEMTOMEM
Dma.RequestsNb=1
File.Version=6
GPIO.groupedBy=Group By Peripherals
KeepUserPlacement=false
LTDC.ActiveW=800
LTDC.Alpha_L0=255
LTDC.BlendingFactor1_L0=LTDC_BLENDING_FACTOR1_PAxCA
LTDC.BlendingFactor2_L0=LTDC_BLENDING_FACTOR2_PAxCA
LTDC.Blue_L0=20
LTDC.FBStartAdress_L0=0xD0000000
LTDC.Green_L0=40
LTDC.HBP=2
LTDC.HFP=1
LTDC.HSPolarity=LTDC_HSPOLARITY_AH
LTDC.HSync=1
LTDC.IPParameters=WindowX0_L0,WindowX1_L0,WindowY0_L0,WindowY1_L0,Layers,HSync,HBP,ActiveW,HFP,VSync,VFP,HSPolarity,VSPolarity,PixelFormat_L0,Alpha_L0,BlendingFactor1_L0,BlendingFactor2_L0,FBStartAdress_L0,ImageWidth_L0,ImageHeight_L0,Blue_L0,Green_L0,Red_L0
LTDC.ImageHeight_L0=480
LTDC.ImageWidth_L0=800
LTDC.Layers=0
LTDC.PixelFormat_L0=LTDC_PIXEL_FORMAT_RGB565
LTDC.Red_L0=60
LTDC.VFP=1
LTDC.VSPolarity=LTDC_VSPOLARITY_AH
LTDC.VSync=1
LTDC.WindowX0_L0=0
LTDC.WindowX1_L0=800
LTDC.WindowY0_L0=0
LTDC.WindowY1_L0=480
Mcu.Context0=CortexM7
Mcu.Context1=CortexM4
Mcu.ContextNb=2
Mcu.Family=STM32H7
Mcu.IP0=CORTEX_M4
Mcu.IP1=CORTEX_M7
Mcu.IP10=QUADSPI
Mcu.IP11=RCC
Mcu.IP12=RTC
Mcu.IP13=SYS_M4
Mcu.IP14=SYS
Mcu.IP2=DEBUG
Mcu.IP3=DMA
Mcu.IP4=DMA2D
Mcu.IP5=DSIHOST
Mcu.IP6=FMC
Mcu.IP7=LTDC
Mcu.IP8=NVIC1
Mcu.IP9=NVIC2
Mcu.IPNb=15
Mcu.Name=STM32H747XIHx
Mcu.Package=TFBGA240
Mcu.Pin0=PI6
Mcu.Pin1=PI5
Mcu.Pin10=PH15
Mcu.Pin11=PH14
Mcu.Pin12=PC15-OSC32_OUT (OSC32_OUT)
Mcu.Pin13=PC14-OSC32_IN (OSC32_IN)
Mcu.Pin14=PE0
Mcu.Pin15=PI3
Mcu.Pin16=PA13 (JTMS/SWDIO)
Mcu.Pin17=PG15
Mcu.Pin18=PG14
Mcu.Pin19=PJ12
Mcu.Pin2=PI4
Mcu.Pin20=PD0
Mcu.Pin21=PH13
Mcu.Pin22=PI9
Mcu.Pin23=PD1
Mcu.Pin24=PA8
Mcu.Pin25=PI10
Mcu.Pin26=PG8
Mcu.Pin27=PF2
Mcu.Pin28=PF1
Mcu.Pin29=PF0
Mcu.Pin3=PG9
Mcu.Pin30=PG5
Mcu.Pin31=PG6
Mcu.Pin32=PF3
Mcu.Pin33=PG4
Mcu.Pin34=PG3
Mcu.Pin35=PH1-OSC_OUT (PH1)
Mcu.Pin36=PH0-OSC_IN (PH0)
Mcu.Pin37=PF5
Mcu.Pin38=PF4
Mcu.Pin39=PF6
Mcu.Pin4=PI1
Mcu.Pin40=PF7
Mcu.Pin41=DSI_D1P
Mcu.Pin42=DSI_D1N
Mcu.Pin43=PC0
Mcu.Pin44=PF9
Mcu.Pin45=DSI_CKP
Mcu.Pin46=DSI_CKN
Mcu.Pin47=PC2
Mcu.Pin48=PC3
Mcu.Pin49=DSI_D0P
Mcu.Pin5=PI0
Mcu.Pin50=DSI_D0N
Mcu.Pin51=PH2
Mcu.Pin52=PE10
Mcu.Pin53=PH3
Mcu.Pin54=PF13
Mcu.Pin55=PF14
Mcu.Pin56=PE9
Mcu.Pin57=PE11
Mcu.Pin58=PH10
Mcu.Pin59=PH11
Mcu.Pin6=PI7
Mcu.Pin60=PD15
Mcu.Pin61=PD14
Mcu.Pin62=PB2
Mcu.Pin63=PF12
Mcu.Pin64=PF15
Mcu.Pin65=PE12
Mcu.Pin66=PE15
Mcu.Pin67=PH9
Mcu.Pin68=PH12
Mcu.Pin69=PD11
Mcu.Pin7=PE1
Mcu.Pin70=PJ2
Mcu.Pin71=PF11
Mcu.Pin72=PG0
Mcu.Pin73=PE8
Mcu.Pin74=PE13
Mcu.Pin75=PH8
Mcu.Pin76=PD10
Mcu.Pin77=PD9
Mcu.Pin78=PE7
Mcu.Pin79=PE14
Mcu.Pin8=PA14 (JTCK/SWCLK)
Mcu.Pin80=PD8
Mcu.Pin81=VP_DMA2D_VS_DMA2D
Mcu.Pin82=VP_LTDC_DSIMode
Mcu.Pin83=VP_RTC_VS_RTC_Activate
Mcu.Pin84=VP_SYS_VS_Systick
Mcu.Pin85=VP_SYS_M4_VS_Systick
Mcu.Pin9=PI2
Mcu.PinsNb=86
Mcu.ThirdPartyNb=0
Mcu.UserConstants=
Mcu.UserName=STM32H747XIHx
MxCube.Version=6.3.0
MxDb.Version=DB.6.0.30
NVIC1.BusFault_IRQn=true\:0\:0\:false\:false\:true\:false\:false
NVIC1.DMA2D_IRQn=true\:0\:0\:false\:false\:true\:true\:true
NVIC1.DMA2_Stream0_IRQn=true\:0\:0\:false\:false\:true\:true\:true
NVIC1.DSI_IRQn=true\:7\:0\:true\:false\:true\:true\:true
NVIC1.DebugMonitor_IRQn=true\:0\:0\:false\:false\:true\:false\:false
NVIC1.ForceEnableDMAVector=true
NVIC1.HardFault_IRQn=true\:0\:0\:false\:false\:true\:false\:false
NVIC1.LTDC_IRQn=true\:7\:0\:true\:false\:true\:true\:true
NVIC1.MemoryManagement_IRQn=true\:0\:0\:false\:false\:true\:false\:false
NVIC1.NonMaskableInt_IRQn=true\:0\:0\:false\:false\:true\:false\:false
NVIC1.PendSV_IRQn=true\:0\:0\:false\:false\:true\:false\:false
NVIC1.PriorityGroup=NVIC_PRIORITYGROUP_4
NVIC1.SVCall_IRQn=true\:0\:0\:false\:false\:true\:false\:false
NVIC1.SysTick_IRQn=true\:15\:0\:false\:false\:true\:false\:true
NVIC1.UsageFault_IRQn=true\:0\:0\:false\:false\:true\:false\:false
NVIC2.BusFault_IRQn=true\:0\:0\:false\:false\:true\:false\:false
NVIC2.DebugMonitor_IRQn=true\:0\:0\:false\:false\:true\:false\:false
NVIC2.ForceEnableDMAVector=false
NVIC2.HardFault_IRQn=true\:0\:0\:false\:false\:true\:false\:false
NVIC2.MemoryManagement_IRQn=true\:0\:0\:false\:false\:true\:false\:false
NVIC2.NonMaskableInt_IRQn=true\:0\:0\:false\:false\:true\:false\:false
NVIC2.PendSV_IRQn=true\:0\:0\:false\:false\:true\:false\:false
NVIC2.PriorityGroup=NVIC_PRIORITYGROUP_4
NVIC2.SVCall_IRQn=true\:0\:0\:false\:false\:true\:false\:false
NVIC2.SysTick_IRQn=true\:15\:0\:false\:false\:true\:false\:true
NVIC2.UsageFault_IRQn=true\:0\:0\:false\:false\:true\:false\:false
PA13\ (JTMS/SWDIO).GPIOParameters=PinAttribute
PA13\ (JTMS/SWDIO).Mode=Serial_Wire
PA13\ (JTMS/SWDIO).PinAttribute=CortexM7
PA13\ (JTMS/SWDIO).Signal=DEBUG_JTMS-SWDIO
PA14\ (JTCK/SWCLK).GPIOParameters=PinAttribute
PA14\ (JTCK/SWCLK).Mode=Serial_Wire
PA14\ (JTCK/SWCLK).PinAttribute=CortexM7
PA14\ (JTCK/SWCLK).Signal=DEBUG_JTCK-SWCLK
PA8.GPIOParameters=PinAttribute
PA8.Mode=Clock-out-1
PA8.PinAttribute=CortexM7
PA8.Signal=RCC_MCO_1
PB2.GPIOParameters=PinAttribute
PB2.Locked=true
PB2.Mode=Dual_Bank
PB2.PinAttribute=CortexM7
PB2.Signal=QUADSPI_CLK
PC0.GPIOParameters=PinAttribute
PC0.PinAttribute=CortexM7
PC0.Signal=FMC_SDNWE
PC14-OSC32_IN\ (OSC32_IN).GPIOParameters=PinAttribute
PC14-OSC32_IN\ (OSC32_IN).Mode=LSE-External-Oscillator
PC14-OSC32_IN\ (OSC32_IN).PinAttribute=CortexM7
PC14-OSC32_IN\ (OSC32_IN).Signal=RCC_OSC32_IN
PC15-OSC32_OUT\ (OSC32_OUT).GPIOParameters=PinAttribute
PC15-OSC32_OUT\ (OSC32_OUT).Mode=LSE-External-Oscillator
PC15-OSC32_OUT\ (OSC32_OUT).PinAttribute=CortexM7
PC15-OSC32_OUT\ (OSC32_OUT).Signal=RCC_OSC32_OUT
PC2.GPIOParameters=PinAttribute
PC2.Mode=SdramChipSelect1_1
PC2.PinAttribute=CortexM7
PC2.Signal=FMC_SDNE0
PC3.GPIOParameters=PinAttribute
PC3.Mode=SdramChipSelect1_1
PC3.PinAttribute=CortexM7
PC3.Signal=FMC_SDCKE0
PD0.GPIOParameters=PinAttribute
PD0.PinAttribute=CortexM7
PD0.Signal=FMC_D2_DA2
PD1.GPIOParameters=PinAttribute
PD1.PinAttribute=CortexM7
PD1.Signal=FMC_D3_DA3
PD10.GPIOParameters=PinAttribute
PD10.PinAttribute=CortexM7
PD10.Signal=FMC_D15_DA15
PD11.GPIOParameters=PinAttribute
PD11.Locked=true
PD11.Mode=Dual_Bank
PD11.PinAttribute=CortexM7
PD11.Signal=QUADSPI_BK1_IO0
PD14.GPIOParameters=PinAttribute
PD14.PinAttribute=CortexM7
PD14.Signal=FMC_D0_DA0
PD15.GPIOParameters=PinAttribute
PD15.PinAttribute=CortexM7
PD15.Signal=FMC_D1_DA1
PD8.GPIOParameters=PinAttribute
PD8.PinAttribute=CortexM7
PD8.Signal=FMC_D13_DA13
PD9.GPIOParameters=PinAttribute
PD9.PinAttribute=CortexM7
PD9.Signal=FMC_D14_DA14
PE0.GPIOParameters=PinAttribute
PE0.PinAttribute=CortexM7
PE0.Signal=FMC_NBL0
PE1.GPIOParameters=PinAttribute
PE1.PinAttribute=CortexM7
PE1.Signal=FMC_NBL1
PE10.GPIOParameters=PinAttribute
PE10.PinAttribute=CortexM7
PE10.Signal=FMC_D7_DA7
PE11.GPIOParameters=PinAttribute
PE11.PinAttribute=CortexM7
PE11.Signal=FMC_D8_DA8
PE12.GPIOParameters=PinAttribute
PE12.PinAttribute=CortexM7
PE12.Signal=FMC_D9_DA9
PE13.GPIOParameters=PinAttribute
PE13.PinAttribute=CortexM7
PE13.Signal=FMC_D10_DA10
PE14.GPIOParameters=PinAttribute
PE14.PinAttribute=CortexM7
PE14.Signal=FMC_D11_DA11
PE15.GPIOParameters=PinAttribute
PE15.PinAttribute=CortexM7
PE15.Signal=FMC_D12_DA12
PE7.GPIOParameters=PinAttribute
PE7.PinAttribute=CortexM7
PE7.Signal=FMC_D4_DA4
PE8.GPIOParameters=PinAttribute
PE8.PinAttribute=CortexM7
PE8.Signal=FMC_D5_DA5
PE9.GPIOParameters=PinAttribute
PE9.PinAttribute=CortexM7
PE9.Signal=FMC_D6_DA6
PF0.GPIOParameters=PinAttribute
PF0.PinAttribute=CortexM7
PF0.Signal=FMC_A0
PF1.GPIOParameters=PinAttribute
PF1.PinAttribute=CortexM7
PF1.Signal=FMC_A1
PF11.GPIOParameters=PinAttribute
PF11.PinAttribute=CortexM7
PF11.Signal=FMC_SDNRAS
PF12.GPIOParameters=PinAttribute
PF12.PinAttribute=CortexM7
PF12.Signal=FMC_A6
PF13.GPIOParameters=PinAttribute
PF13.PinAttribute=CortexM7
PF13.Signal=FMC_A7
PF14.GPIOParameters=PinAttribute
PF14.PinAttribute=CortexM7
PF14.Signal=FMC_A8
PF15.GPIOParameters=PinAttribute
PF15.PinAttribute=CortexM7
PF15.Signal=FMC_A9
PF2.GPIOParameters=PinAttribute
PF2.PinAttribute=CortexM7
PF2.Signal=FMC_A2
PF3.GPIOParameters=PinAttribute
PF3.PinAttribute=CortexM7
PF3.Signal=FMC_A3
PF4.GPIOParameters=PinAttribute
PF4.PinAttribute=CortexM7
PF4.Signal=FMC_A4
PF5.GPIOParameters=PinAttribute
PF5.PinAttribute=CortexM7
PF5.Signal=FMC_A5
PF6.GPIOParameters=PinAttribute
PF6.Mode=Dual_Bank
PF6.PinAttribute=CortexM7
PF6.Signal=QUADSPI_BK1_IO3
PF7.GPIOParameters=PinAttribute
PF7.Locked=true
PF7.Mode=Dual_Bank
PF7.PinAttribute=CortexM7
PF7.Signal=QUADSPI_BK1_IO2
PF9.GPIOParameters=PinAttribute
PF9.Locked=true
PF9.Mode=Dual_Bank
PF9.PinAttribute=CortexM7
PF9.Signal=QUADSPI_BK1_IO1
PG0.GPIOParameters=PinAttribute
PG0.PinAttribute=CortexM7
PG0.Signal=FMC_A10
PG14.GPIOParameters=PinAttribute
PG14.Mode=Dual_Bank
PG14.PinAttribute=CortexM7
PG14.Signal=QUADSPI_BK2_IO3
PG15.GPIOParameters=PinAttribute
PG15.PinAttribute=CortexM7
PG15.Signal=FMC_SDNCAS
PG3.ContextOwner=CortexM7
PG3.GPIOParameters=GPIO_Speed,GPIO_PuPd,GPIO_Label,PinAttribute
PG3.GPIO_Label=LCD_RESET
PG3.GPIO_PuPd=GPIO_PULLUP
PG3.GPIO_Speed=GPIO_SPEED_FREQ_VERY_HIGH
PG3.Locked=true
PG3.PinAttribute=CortexM7
PG3.Signal=GPIO_Output
PG4.GPIOParameters=PinAttribute
PG4.PinAttribute=CortexM7
PG4.Signal=FMC_A14_BA0
PG5.GPIOParameters=PinAttribute
PG5.PinAttribute=CortexM7
PG5.Signal=FMC_A15_BA1
PG6.GPIOParameters=PinAttribute
PG6.Locked=true
PG6.Mode=Enable Chip Select 1 for both banks
PG6.PinAttribute=CortexM7
PG6.Signal=QUADSPI_BK1_NCS
PG8.GPIOParameters=PinAttribute
PG8.PinAttribute=CortexM7
PG8.Signal=FMC_SDCLK
PG9.GPIOParameters=PinAttribute
PG9.Mode=Dual_Bank
PG9.PinAttribute=CortexM7
PG9.Signal=QUADSPI_BK2_IO2
PH0-OSC_IN\ (PH0).GPIOParameters=PinAttribute
PH0-OSC_IN\ (PH0).Mode=HSE-External-Oscillator
PH0-OSC_IN\ (PH0).PinAttribute=CortexM7
PH0-OSC_IN\ (PH0).Signal=RCC_OSC_IN
PH1-OSC_OUT\ (PH1).GPIOParameters=PinAttribute
PH1-OSC_OUT\ (PH1).Mode=HSE-External-Oscillator
PH1-OSC_OUT\ (PH1).PinAttribute=CortexM7
PH1-OSC_OUT\ (PH1).Signal=RCC_OSC_OUT
PH10.GPIOParameters=PinAttribute
PH10.PinAttribute=CortexM7
PH10.Signal=FMC_D18
PH11.GPIOParameters=PinAttribute
PH11.PinAttribute=CortexM7
PH11.Signal=FMC_D19
PH12.GPIOParameters=PinAttribute
PH12.PinAttribute=CortexM7
PH12.Signal=FMC_D20
PH13.GPIOParameters=PinAttribute
PH13.PinAttribute=CortexM7
PH13.Signal=FMC_D21
PH14.GPIOParameters=PinAttribute
PH14.PinAttribute=CortexM7
PH14.Signal=FMC_D22
PH15.GPIOParameters=PinAttribute
PH15.PinAttribute=CortexM7
PH15.Signal=FMC_D23
PH2.GPIOParameters=PinAttribute
PH2.Mode=Dual_Bank
PH2.PinAttribute=CortexM7
PH2.Signal=QUADSPI_BK2_IO0
PH3.GPIOParameters=PinAttribute
PH3.Mode=Dual_Bank
PH3.PinAttribute=CortexM7
PH3.Signal=QUADSPI_BK2_IO1
PH8.GPIOParameters=PinAttribute
PH8.PinAttribute=CortexM7
PH8.Signal=FMC_D16
PH9.GPIOParameters=PinAttribute
PH9.PinAttribute=CortexM7
PH9.Signal=FMC_D17
PI0.GPIOParameters=PinAttribute
PI0.PinAttribute=CortexM7
PI0.Signal=FMC_D24
PI1.GPIOParameters=PinAttribute
PI1.PinAttribute=CortexM7
PI1.Signal=FMC_D25
PI10.GPIOParameters=PinAttribute
PI10.PinAttribute=CortexM7
PI10.Signal=FMC_D31
PI2.GPIOParameters=PinAttribute
PI2.PinAttribute=CortexM7
PI2.Signal=FMC_D26
PI3.GPIOParameters=PinAttribute
PI3.PinAttribute=CortexM7
PI3.Signal=FMC_D27
PI4.GPIOParameters=PinAttribute
PI4.PinAttribute=CortexM7
PI4.Signal=FMC_NBL2
PI5.GPIOParameters=PinAttribute
PI5.PinAttribute=CortexM7
PI5.Signal=FMC_NBL3
PI6.GPIOParameters=PinAttribute
PI6.PinAttribute=CortexM7
PI6.Signal=FMC_D28
PI7.GPIOParameters=PinAttribute
PI7.PinAttribute=CortexM7
PI7.Signal=FMC_D29
PI9.GPIOParameters=PinAttribute
PI9.PinAttribute=CortexM7
PI9.Signal=FMC_D30
PJ12.ContextOwner=CortexM7
PJ12.GPIOParameters=GPIO_Speed,GPIO_Label,PinAttribute
PJ12.GPIO_Label=LCD_BL
PJ12.GPIO_Speed=GPIO_SPEED_FREQ_VERY_HIGH
PJ12.Locked=true
PJ12.PinAttribute=CortexM7
PJ12.Signal=GPIO_Output
PJ2.GPIOParameters=PinAttribute
PJ2.Locked=true
PJ2.Mode=DSIHost_Adapted_TE
PJ2.PinAttribute=CortexM7
PJ2.Signal=DSIHOST_TE
PinOutPanel.CurrentBGAView=Top
PinOutPanel.RotationAngle=0
ProjectManager.AskForMigrate=true
ProjectManager.BackupPrevious=false
ProjectManager.BootMode=boot0
ProjectManager.CompilerOptimize=6
ProjectManager.ComputerToolchain=false
ProjectManager.CoupleFile=false
ProjectManager.CustomerFirmwarePackage=
ProjectManager.DefaultFWLocation=true
ProjectManager.DeletePrevious=true
ProjectManager.DeviceId=STM32H747XIHx
ProjectManager.FirmwarePackage=STM32Cube FW_H7 V1.9.0
ProjectManager.FreePins=false
ProjectManager.HalAssertFull=false
ProjectManager.HeapSize=M4-0x200,M7-0x800
ProjectManager.KeepUserCode=true
ProjectManager.LastFirmware=true
ProjectManager.LibraryCopy=1
ProjectManager.MainLocation=Core/Src
ProjectManager.NoMain=false
ProjectManager.PreviousToolchain=
ProjectManager.ProjectBuild=false
ProjectManager.ProjectFileName=STM32H747i_Disco_lv_port.ioc
ProjectManager.ProjectName=STM32H747i_Disco_lv_port
ProjectManager.RegisterCallBack=
ProjectManager.StackSize=M4-0x400,M7-0x1000
ProjectManager.TargetToolchain=STM32CubeIDE
ProjectManager.ToolChainLocation=
ProjectManager.UnderRoot=true
ProjectManager.functionlistsort=1-SystemClock_Config-RCC-false-HAL-false-CortexM7,2-MX_GPIO_Init-GPIO-false-HAL-true-CortexM7,3-MX_DMA2D_Init-DMA2D-false-HAL-true-CortexM7,4-MX_DSIHOST_DSI_Init-DSIHOST-false-HAL-true-CortexM7,5-MX_FMC_Init-FMC-false-HAL-true-CortexM7,6-MX_LTDC_Init-LTDC-false-HAL-true-CortexM7,7-MX_QUADSPI_Init-QUADSPI-false-HAL-true-CortexM7,8-MX_DMA_Init-DMA-false-HAL-true-CortexM7,9-MX_RTC_Init-RTC-false-HAL-true-CortexM7,1-MX_DMA_Init-DMA-false-HAL-true-CortexM4,0-MX_CORTEX_M7_Init-CORTEX_M7-false-HAL-true-CortexM7,0-MX_CORTEX_M4_Init-CORTEX_M4-false-HAL-true-CortexM4
QUADSPI.ClockPrescaler=3
QUADSPI.IPParameters=ClockPrescaler
RCC.ADCFreq_Value=50390625
RCC.AHB12Freq_Value=200000000
RCC.AHB4Freq_Value=200000000
RCC.APB1Freq_Value=100000000
RCC.APB2Freq_Value=100000000
RCC.APB3Freq_Value=100000000
RCC.APB4Freq_Value=100000000
RCC.AXIClockFreq_Value=200000000
RCC.CECFreq_Value=32000
RCC.CKPERFreq_Value=64000000
RCC.CPU2Freq_Value=200000000
RCC.CPU2SystikFreq_Value=200000000
RCC.CortexFreq_Value=400000000
RCC.CpuClockFreq_Value=400000000
RCC.D1CPREFreq_Value=400000000
RCC.D1PPRE=RCC_APB3_DIV2
RCC.D2PPRE1=RCC_APB1_DIV2
RCC.D2PPRE2=RCC_APB2_DIV2
RCC.D3PPRE=RCC_APB4_DIV2
RCC.DFSDMACLkFreq_Value=400000000
RCC.DFSDMFreq_Value=100000000
RCC.DIVM1=5
RCC.DIVM3=5
RCC.DIVN1=160
RCC.DIVN3=161
RCC.DIVP1Freq_Value=400000000
RCC.DIVP2Freq_Value=50390625
RCC.DIVP3Freq_Value=402500000
RCC.DIVQ1Freq_Value=400000000
RCC.DIVQ2Freq_Value=50390625
RCC.DIVQ3Freq_Value=402500000
RCC.DIVR1Freq_Value=400000000
RCC.DIVR2Freq_Value=50390625
RCC.DIVR3=21
RCC.DIVR3Freq_Value=38333333.333333336
RCC.DSIFreq_Value=61875000
RCC.DSITXEscFreq_Value=15468750
RCC.FDCANFreq_Value=400000000
RCC.FMCFreq_Value=200000000
RCC.FamilyName=M
RCC.HCLK3ClockFreq_Value=200000000
RCC.HCLKFreq_Value=200000000
RCC.HPRE=RCC_HCLK_DIV2
RCC.HRTIMFreq_Value=200000000
RCC.I2C123Freq_Value=100000000
RCC.I2C4Freq_Value=100000000
RCC.IPParameters=ADCFreq_Value,AHB12Freq_Value,AHB4Freq_Value,APB1Freq_Value,APB2Freq_Value,APB3Freq_Value,APB4Freq_Value,AXIClockFreq_Value,CECFreq_Value,CKPERFreq_Value,CPU2Freq_Value,CPU2SystikFreq_Value,CortexFreq_Value,CpuClockFreq_Value,D1CPREFreq_Value,D1PPRE,D2PPRE1,D2PPRE2,D3PPRE,DFSDMACLkFreq_Value,DFSDMFreq_Value,DIVM1,DIVM3,DIVN1,DIVN3,DIVP1Freq_Value,DIVP2Freq_Value,DIVP3Freq_Value,DIVQ1Freq_Value,DIVQ2Freq_Value,DIVQ3Freq_Value,DIVR1Freq_Value,DIVR2Freq_Value,DIVR3,DIVR3Freq_Value,DSIFreq_Value,DSITXEscFreq_Value,FDCANFreq_Value,FMCFreq_Value,FamilyName,HCLK3ClockFreq_Value,HCLKFreq_Value,HPRE,HRTIMFreq_Value,I2C123Freq_Value,I2C4Freq_Value,LPTIM1Freq_Value,LPTIM2Freq_Value,LPTIM345Freq_Value,LPUART1Freq_Value,LTDCFreq_Value,MCO1PinFreq_Value,MCO2PinFreq_Value,PLLDSIFreq_Value,PLLDSIIDF,PLLDSINDIV,PLLDSIVCOFreq_Value,PLLSourceVirtual,PWR_Regulator_Voltage_Scale,QSPIFreq_Value,RNGFreq_Value,RTCClockSelection,RTCFreq_Value,SAI1Freq_Value,SAI23Freq_Value,SAI4AFreq_Value,SAI4BFreq_Value,SDMMCFreq_Value,SPDIFRXFreq_Value,SPI123Freq_Value,SPI45Freq_Value,SPI6Freq_Value,SWPMI1Freq_Value,SYSCLKFreq_VALUE,SYSCLKSource,Tim1OutputFreq_Value,Tim2OutputFreq_Value,TraceFreq_Value,USART16Freq_Value,USART234578Freq_Value,USBFreq_Value,VCO1OutputFreq_Value,VCO2OutputFreq_Value,VCO3OutputFreq_Value,VCOInput1Freq_Value,VCOInput2Freq_Value,VCOInput3Freq_Value
RCC.LPTIM1Freq_Value=100000000
RCC.LPTIM2Freq_Value=100000000
RCC.LPTIM345Freq_Value=100000000
RCC.LPUART1Freq_Value=100000000
RCC.LTDCFreq_Value=38333333.333333336
RCC.MCO1PinFreq_Value=64000000
RCC.MCO2PinFreq_Value=400000000
RCC.PLLDSIFreq_Value=495000000
RCC.PLLDSIIDF=DSI_PLL_IN_DIV5
RCC.PLLDSINDIV=99
RCC.PLLDSIVCOFreq_Value=990000000
RCC.PLLSourceVirtual=RCC_PLLSOURCE_HSE
RCC.PWR_Regulator_Voltage_Scale=PWR_REGULATOR_VOLTAGE_SCALE0
RCC.QSPIFreq_Value=200000000
RCC.RNGFreq_Value=48000000
RCC.RTCClockSelection=RCC_RTCCLKSOURCE_LSE
RCC.RTCFreq_Value=32768
RCC.SAI1Freq_Value=400000000
RCC.SAI23Freq_Value=400000000
RCC.SAI4AFreq_Value=400000000
RCC.SAI4BFreq_Value=400000000
RCC.SDMMCFreq_Value=400000000
RCC.SPDIFRXFreq_Value=400000000
RCC.SPI123Freq_Value=400000000
RCC.SPI45Freq_Value=100000000
RCC.SPI6Freq_Value=100000000
RCC.SWPMI1Freq_Value=100000000
RCC.SYSCLKFreq_VALUE=400000000
RCC.SYSCLKSource=RCC_SYSCLKSOURCE_PLLCLK
RCC.Tim1OutputFreq_Value=200000000
RCC.Tim2OutputFreq_Value=200000000
RCC.TraceFreq_Value=400000000
RCC.USART16Freq_Value=100000000
RCC.USART234578Freq_Value=100000000
RCC.USBFreq_Value=400000000
RCC.VCO1OutputFreq_Value=800000000
RCC.VCO2OutputFreq_Value=100781250
RCC.VCO3OutputFreq_Value=805000000
RCC.VCOInput1Freq_Value=5000000
RCC.VCOInput2Freq_Value=781250
RCC.VCOInput3Freq_Value=5000000
SH.FMC_A0.0=FMC_A0,11b-sda1
SH.FMC_A0.ConfNb=1
SH.FMC_A1.0=FMC_A1,11b-sda1
SH.FMC_A1.ConfNb=1
SH.FMC_A10.0=FMC_A10,11b-sda1
SH.FMC_A10.ConfNb=1
SH.FMC_A14_BA0.0=FMC_BA0,FourSdramBanks1
SH.FMC_A14_BA0.ConfNb=1
SH.FMC_A15_BA1.0=FMC_BA1,FourSdramBanks1
SH.FMC_A15_BA1.ConfNb=1
SH.FMC_A2.0=FMC_A2,11b-sda1
SH.FMC_A2.ConfNb=1
SH.FMC_A3.0=FMC_A3,11b-sda1
SH.FMC_A3.ConfNb=1
SH.FMC_A4.0=FMC_A4,11b-sda1
SH.FMC_A4.ConfNb=1
SH.FMC_A5.0=FMC_A5,11b-sda1
SH.FMC_A5.ConfNb=1
SH.FMC_A6.0=FMC_A6,11b-sda1
SH.FMC_A6.ConfNb=1
SH.FMC_A7.0=FMC_A7,11b-sda1
SH.FMC_A7.ConfNb=1
SH.FMC_A8.0=FMC_A8,11b-sda1
SH.FMC_A8.ConfNb=1
SH.FMC_A9.0=FMC_A9,11b-sda1
SH.FMC_A9.ConfNb=1
SH.FMC_D0_DA0.0=FMC_D0,sd-32b-d1
SH.FMC_D0_DA0.ConfNb=1
SH.FMC_D10_DA10.0=FMC_D10,sd-32b-d1
SH.FMC_D10_DA10.ConfNb=1
SH.FMC_D11_DA11.0=FMC_D11,sd-32b-d1
SH.FMC_D11_DA11.ConfNb=1
SH.FMC_D12_DA12.0=FMC_D12,sd-32b-d1
SH.FMC_D12_DA12.ConfNb=1
SH.FMC_D13_DA13.0=FMC_D13,sd-32b-d1
SH.FMC_D13_DA13.ConfNb=1
SH.FMC_D14_DA14.0=FMC_D14,sd-32b-d1
SH.FMC_D14_DA14.ConfNb=1
SH.FMC_D15_DA15.0=FMC_D15,sd-32b-d1
SH.FMC_D15_DA15.ConfNb=1
SH.FMC_D16.0=FMC_D16,sd-32b-d1
SH.FMC_D16.ConfNb=1
SH.FMC_D17.0=FMC_D17,sd-32b-d1
SH.FMC_D17.ConfNb=1
SH.FMC_D18.0=FMC_D18,sd-32b-d1
SH.FMC_D18.ConfNb=1
SH.FMC_D19.0=FMC_D19,sd-32b-d1
SH.FMC_D19.ConfNb=1
SH.FMC_D1_DA1.0=FMC_D1,sd-32b-d1
SH.FMC_D1_DA1.ConfNb=1
SH.FMC_D20.0=FMC_D20,sd-32b-d1
SH.FMC_D20.ConfNb=1
SH.FMC_D21.0=FMC_D21,sd-32b-d1
SH.FMC_D21.ConfNb=1
SH.FMC_D22.0=FMC_D22,sd-32b-d1
SH.FMC_D22.ConfNb=1
SH.FMC_D23.0=FMC_D23,sd-32b-d1
SH.FMC_D23.ConfNb=1
SH.FMC_D24.0=FMC_D24,sd-32b-d1
SH.FMC_D24.ConfNb=1
SH.FMC_D25.0=FMC_D25,sd-32b-d1
SH.FMC_D25.ConfNb=1
SH.FMC_D26.0=FMC_D26,sd-32b-d1
SH.FMC_D26.ConfNb=1
SH.FMC_D27.0=FMC_D27,sd-32b-d1
SH.FMC_D27.ConfNb=1
SH.FMC_D28.0=FMC_D28,sd-32b-d1
SH.FMC_D28.ConfNb=1
SH.FMC_D29.0=FMC_D29,sd-32b-d1
SH.FMC_D29.ConfNb=1
SH.FMC_D2_DA2.0=FMC_D2,sd-32b-d1
SH.FMC_D2_DA2.ConfNb=1
SH.FMC_D30.0=FMC_D30,sd-32b-d1
SH.FMC_D30.ConfNb=1
SH.FMC_D31.0=FMC_D31,sd-32b-d1
SH.FMC_D31.ConfNb=1
SH.FMC_D3_DA3.0=FMC_D3,sd-32b-d1
SH.FMC_D3_DA3.ConfNb=1
SH.FMC_D4_DA4.0=FMC_D4,sd-32b-d1
SH.FMC_D4_DA4.ConfNb=1
SH.FMC_D5_DA5.0=FMC_D5,sd-32b-d1
SH.FMC_D5_DA5.ConfNb=1
SH.FMC_D6_DA6.0=FMC_D6,sd-32b-d1
SH.FMC_D6_DA6.ConfNb=1
SH.FMC_D7_DA7.0=FMC_D7,sd-32b-d1
SH.FMC_D7_DA7.ConfNb=1
SH.FMC_D8_DA8.0=FMC_D8,sd-32b-d1
SH.FMC_D8_DA8.ConfNb=1
SH.FMC_D9_DA9.0=FMC_D9,sd-32b-d1
SH.FMC_D9_DA9.ConfNb=1
SH.FMC_NBL0.0=FMC_NBL0,Sd4ByteEnable1
SH.FMC_NBL0.ConfNb=1
SH.FMC_NBL1.0=FMC_NBL1,Sd4ByteEnable1
SH.FMC_NBL1.ConfNb=1
SH.FMC_NBL2.0=FMC_NBL2,Sd4ByteEnable1
SH.FMC_NBL2.ConfNb=1
SH.FMC_NBL3.0=FMC_NBL3,Sd4ByteEnable1
SH.FMC_NBL3.ConfNb=1
SH.FMC_SDCLK.0=FMC_SDCLK,11b-sda1
SH.FMC_SDCLK.ConfNb=1
SH.FMC_SDNCAS.0=FMC_SDNCAS,11b-sda1
SH.FMC_SDNCAS.ConfNb=1
SH.FMC_SDNRAS.0=FMC_SDNRAS,11b-sda1
SH.FMC_SDNRAS.ConfNb=1
SH.FMC_SDNWE.0=FMC_SDNWE,11b-sda1
SH.FMC_SDNWE.ConfNb=1
SYS.userName=SYS_M7
VP_DMA2D_VS_DMA2D.Mode=DMA2D_Activate
VP_DMA2D_VS_DMA2D.Signal=DMA2D_VS_DMA2D
VP_LTDC_DSIMode.Mode=RGB565
VP_LTDC_DSIMode.Signal=LTDC_DSIMode
VP_RTC_VS_RTC_Activate.Mode=RTC_Enabled
VP_RTC_VS_RTC_Activate.Signal=RTC_VS_RTC_Activate
VP_SYS_M4_VS_Systick.Mode=SysTick
VP_SYS_M4_VS_Systick.Signal=SYS_M4_VS_Systick
VP_SYS_VS_Systick.Mode=SysTick
VP_SYS_VS_Systick.Signal=SYS_VS_Systick
board=custom
isbadioc=false
